// !$*UTF8*$!
{
	archiveVersion = 1;
	classes = {
	};
	objectVersion = 51;
	objects = {

/* Begin PBXBuildFile section */
		5A072FD524DEFA14009DA0A4 /* LookupModel.swift in Sources */ = {isa = PBXBuildFile; fileRef = 5A072FD424DEFA14009DA0A4 /* LookupModel.swift */; };
		5A1CDDB624C235D400E83452 /* ChangeDateViewController.swift in Sources */ = {isa = PBXBuildFile; fileRef = 5A1CDDB524C235D400E83452 /* ChangeDateViewController.swift */; };
		5A1CDDB824C26C9400E83452 /* EditExpensesViewController.swift in Sources */ = {isa = PBXBuildFile; fileRef = 5A1CDDB724C26C9400E83452 /* EditExpensesViewController.swift */; };
		5A344D1A25585BE2000B993E /* Constants.swift in Sources */ = {isa = PBXBuildFile; fileRef = 5A344D1925585BE2000B993E /* Constants.swift */; };
		5A3A578F256951710033EDAB /* AdminHomeViewModel.swift in Sources */ = {isa = PBXBuildFile; fileRef = 5A3A578E256951710033EDAB /* AdminHomeViewModel.swift */; };
		5A87AB7D24C133D4009792A1 /* DatasManager.swift in Sources */ = {isa = PBXBuildFile; fileRef = 5A87AB7B24C133D4009792A1 /* DatasManager.swift */; };
		5A87AB7E24C133D4009792A1 /* ConnectionsManager.swift in Sources */ = {isa = PBXBuildFile; fileRef = 5A87AB7C24C133D4009792A1 /* ConnectionsManager.swift */; };
		5A87AB8324C1340E009792A1 /* jsonsData.swift in Sources */ = {isa = PBXBuildFile; fileRef = 5A87AB8124C1340E009792A1 /* jsonsData.swift */; };
		5A87AB8524C13467009792A1 /* expense.storyboard in Resources */ = {isa = PBXBuildFile; fileRef = 5A87AB8424C13467009792A1 /* expense.storyboard */; };
		5A87AB8B24C134A0009792A1 /* myExp_cal.png in Resources */ = {isa = PBXBuildFile; fileRef = 5A87AB8724C1349F009792A1 /* myExp_cal.png */; };
		5A87AB8C24C134A0009792A1 /* myExp_back.png in Resources */ = {isa = PBXBuildFile; fileRef = 5A87AB8824C1349F009792A1 /* myExp_back.png */; };
		5A87AB8D24C134A0009792A1 /* myExp_more.png in Resources */ = {isa = PBXBuildFile; fileRef = 5A87AB8924C1349F009792A1 /* myExp_more.png */; };
		5A87AB8E24C134A0009792A1 /* myExp_plus.png in Resources */ = {isa = PBXBuildFile; fileRef = 5A87AB8A24C134A0009792A1 /* myExp_plus.png */; };
		5A87AB9124C134C7009792A1 /* ExpenseCell.xib in Resources */ = {isa = PBXBuildFile; fileRef = 5A87AB8F24C134C7009792A1 /* ExpenseCell.xib */; };
		5A87AB9224C134C7009792A1 /* ExpenseCell.swift in Sources */ = {isa = PBXBuildFile; fileRef = 5A87AB9024C134C7009792A1 /* ExpenseCell.swift */; };
		5A87DCF92558227800F6D2C2 /* MyExpHomeViewController.swift in Sources */ = {isa = PBXBuildFile; fileRef = 5A87DCF82558227800F6D2C2 /* MyExpHomeViewController.swift */; };
		5A8B1F3124C137D80094E543 /* MyExpDataManager.swift in Sources */ = {isa = PBXBuildFile; fileRef = 5A8B1F3024C137D80094E543 /* MyExpDataManager.swift */; };
		5A8BAAB024C336440033B46A /* PAndVCell.swift in Sources */ = {isa = PBXBuildFile; fileRef = 5A8BAAAD24C336430033B46A /* PAndVCell.swift */; };
		5A8BAAB124C336440033B46A /* PAndVCell.xib in Resources */ = {isa = PBXBuildFile; fileRef = 5A8BAAAE24C336440033B46A /* PAndVCell.xib */; };
		5A8BAAB224C336440033B46A /* PaymentsVendorsViewController.swift in Sources */ = {isa = PBXBuildFile; fileRef = 5A8BAAAF24C336440033B46A /* PaymentsVendorsViewController.swift */; };
		5A8BAAB424C33EC50033B46A /* pandv.storyboard in Resources */ = {isa = PBXBuildFile; fileRef = 5A8BAAB324C33EC50033B46A /* pandv.storyboard */; };
		5A8F15AA24D4C51100B57A9B /* SelectMonthAndYearViewController.swift in Sources */ = {isa = PBXBuildFile; fileRef = 5A8F15A924D4C51100B57A9B /* SelectMonthAndYearViewController.swift */; };
		5A8F15AC24D4C54500B57A9B /* monthAndYear.storyboard in Resources */ = {isa = PBXBuildFile; fileRef = 5A8F15AB24D4C54500B57A9B /* monthAndYear.storyboard */; };
		5A8F15AE24D4D88500B57A9B /* VendorsLookupViewController.swift in Sources */ = {isa = PBXBuildFile; fileRef = 5A8F15AD24D4D88500B57A9B /* VendorsLookupViewController.swift */; };
		5A8F7575255C5ECE00612AE4 /* PaymentVendorViewModel.swift in Sources */ = {isa = PBXBuildFile; fileRef = 5A8F7574255C5ECE00612AE4 /* PaymentVendorViewModel.swift */; };
		5A90E45B24E03471005C42A3 /* ExpensesLookupViewController.swift in Sources */ = {isa = PBXBuildFile; fileRef = 5A90E45A24E03471005C42A3 /* ExpensesLookupViewController.swift */; };
		5A90E45E24E05E84005C42A3 /* ExpLookupCell.swift in Sources */ = {isa = PBXBuildFile; fileRef = 5A90E45C24E05E84005C42A3 /* ExpLookupCell.swift */; };
		5A90E45F24E05E84005C42A3 /* ExpLookupCell.xib in Resources */ = {isa = PBXBuildFile; fileRef = 5A90E45D24E05E84005C42A3 /* ExpLookupCell.xib */; };
		5A924170255637AC00263B07 /* ExpsHomeViewModel.swift in Sources */ = {isa = PBXBuildFile; fileRef = 5A92416F255637AC00263B07 /* ExpsHomeViewModel.swift */; };
		5A97C77924C12E050019E2B4 /* AppDelegate.swift in Sources */ = {isa = PBXBuildFile; fileRef = 5A97C77824C12E050019E2B4 /* AppDelegate.swift */; };
		5A97C77B24C12E050019E2B4 /* SceneDelegate.swift in Sources */ = {isa = PBXBuildFile; fileRef = 5A97C77A24C12E050019E2B4 /* SceneDelegate.swift */; };
		5A97C77D24C12E050019E2B4 /* ViewController.swift in Sources */ = {isa = PBXBuildFile; fileRef = 5A97C77C24C12E050019E2B4 /* ViewController.swift */; };
		5A97C78024C12E050019E2B4 /* Main.storyboard in Resources */ = {isa = PBXBuildFile; fileRef = 5A97C77E24C12E050019E2B4 /* Main.storyboard */; };
		5A97C78224C12E060019E2B4 /* Assets.xcassets in Resources */ = {isa = PBXBuildFile; fileRef = 5A97C78124C12E060019E2B4 /* Assets.xcassets */; };
		5A97C78524C12E060019E2B4 /* LaunchScreen.storyboard in Resources */ = {isa = PBXBuildFile; fileRef = 5A97C78324C12E060019E2B4 /* LaunchScreen.storyboard */; };
		5AF26FC224CB86380042DE15 /* AdminHomeViewController.swift in Sources */ = {isa = PBXBuildFile; fileRef = 5AF26FC124CB86380042DE15 /* AdminHomeViewController.swift */; };
		5AF26FC424CB864D0042DE15 /* admins.storyboard in Resources */ = {isa = PBXBuildFile; fileRef = 5AF26FC324CB864D0042DE15 /* admins.storyboard */; };
		5AF26FC624CBA8550042DE15 /* AdminPVAddEditViewController.swift in Sources */ = {isa = PBXBuildFile; fileRef = 5AF26FC524CBA8550042DE15 /* AdminPVAddEditViewController.swift */; };
		5AFBAE1E24F1763100F87276 /* ExpLookupDisplayViewController.swift in Sources */ = {isa = PBXBuildFile; fileRef = 5AFBAE1D24F1763100F87276 /* ExpLookupDisplayViewController.swift */; };
		94DAA3E2EE9B5FAC9135EB8D /* Pods_MyExpenses5.framework in Frameworks */ = {isa = PBXBuildFile; fileRef = 95771C156CEDF73246F166A0 /* Pods_MyExpenses5.framework */; };
		FE1F566325F06F1C00743825 /* TopHeaderViewController.swift in Sources */ = {isa = PBXBuildFile; fileRef = FE1F566225F06F1C00743825 /* TopHeaderViewController.swift */; };
		FE1F566725F071D200743825 /* topheader.storyboard in Resources */ = {isa = PBXBuildFile; fileRef = FE1F566625F071D200743825 /* topheader.storyboard */; };
		FE377C7225BDB5C100033B25 /* ExpenseHomeViewController.swift in Sources */ = {isa = PBXBuildFile; fileRef = FE377C7125BDB5C100033B25 /* ExpenseHomeViewController.swift */; };
		FEB3255A25F43D6C002B20A4 /* VendorReferencesViewController.swift in Sources */ = {isa = PBXBuildFile; fileRef = FEB3255925F43D6C002B20A4 /* VendorReferencesViewController.swift */; };
		FEB3255D25F44144002B20A4 /* VendorReferenceCell.swift in Sources */ = {isa = PBXBuildFile; fileRef = FEB3255C25F44144002B20A4 /* VendorReferenceCell.swift */; };
		FECD2D0A25F2E5B400410E7C /* TopBarManager.swift in Sources */ = {isa = PBXBuildFile; fileRef = FECD2D0925F2E5B400410E7C /* TopBarManager.swift */; };
/* End PBXBuildFile section */

/* Begin PBXFileReference section */
		5A072FD424DEFA14009DA0A4 /* LookupModel.swift */ = {isa = PBXFileReference; lastKnownFileType = sourcecode.swift; path = LookupModel.swift; sourceTree = "<group>"; };
		5A1CDDB524C235D400E83452 /* ChangeDateViewController.swift */ = {isa = PBXFileReference; fileEncoding = 4; lastKnownFileType = sourcecode.swift; path = ChangeDateViewController.swift; sourceTree = "<group>"; };
		5A1CDDB724C26C9400E83452 /* EditExpensesViewController.swift */ = {isa = PBXFileReference; fileEncoding = 4; lastKnownFileType = sourcecode.swift; path = EditExpensesViewController.swift; sourceTree = "<group>"; };
		5A344D1925585BE2000B993E /* Constants.swift */ = {isa = PBXFileReference; lastKnownFileType = sourcecode.swift; path = Constants.swift; sourceTree = "<group>"; };
		5A3A578E256951710033EDAB /* AdminHomeViewModel.swift */ = {isa = PBXFileReference; lastKnownFileType = sourcecode.swift; path = AdminHomeViewModel.swift; sourceTree = "<group>"; };
		5A87AB7B24C133D4009792A1 /* DatasManager.swift */ = {isa = PBXFileReference; fileEncoding = 4; lastKnownFileType = sourcecode.swift; path = DatasManager.swift; sourceTree = "<group>"; };
		5A87AB7C24C133D4009792A1 /* ConnectionsManager.swift */ = {isa = PBXFileReference; fileEncoding = 4; lastKnownFileType = sourcecode.swift; path = ConnectionsManager.swift; sourceTree = "<group>"; };
		5A87AB8124C1340E009792A1 /* jsonsData.swift */ = {isa = PBXFileReference; fileEncoding = 4; lastKnownFileType = sourcecode.swift; path = jsonsData.swift; sourceTree = "<group>"; };
		5A87AB8424C13467009792A1 /* expense.storyboard */ = {isa = PBXFileReference; fileEncoding = 4; lastKnownFileType = file.storyboard; path = expense.storyboard; sourceTree = "<group>"; };
		5A87AB8724C1349F009792A1 /* myExp_cal.png */ = {isa = PBXFileReference; lastKnownFileType = image.png; path = myExp_cal.png; sourceTree = "<group>"; };
		5A87AB8824C1349F009792A1 /* myExp_back.png */ = {isa = PBXFileReference; lastKnownFileType = image.png; path = myExp_back.png; sourceTree = "<group>"; };
		5A87AB8924C1349F009792A1 /* myExp_more.png */ = {isa = PBXFileReference; lastKnownFileType = image.png; path = myExp_more.png; sourceTree = "<group>"; };
		5A87AB8A24C134A0009792A1 /* myExp_plus.png */ = {isa = PBXFileReference; lastKnownFileType = image.png; path = myExp_plus.png; sourceTree = "<group>"; };
		5A87AB8F24C134C7009792A1 /* ExpenseCell.xib */ = {isa = PBXFileReference; fileEncoding = 4; lastKnownFileType = file.xib; path = ExpenseCell.xib; sourceTree = "<group>"; };
		5A87AB9024C134C7009792A1 /* ExpenseCell.swift */ = {isa = PBXFileReference; fileEncoding = 4; lastKnownFileType = sourcecode.swift; path = ExpenseCell.swift; sourceTree = "<group>"; };
		5A87DCF82558227800F6D2C2 /* MyExpHomeViewController.swift */ = {isa = PBXFileReference; lastKnownFileType = sourcecode.swift; path = MyExpHomeViewController.swift; sourceTree = "<group>"; };
		5A8B1F3024C137D80094E543 /* MyExpDataManager.swift */ = {isa = PBXFileReference; lastKnownFileType = sourcecode.swift; path = MyExpDataManager.swift; sourceTree = "<group>"; };
		5A8BAAAD24C336430033B46A /* PAndVCell.swift */ = {isa = PBXFileReference; fileEncoding = 4; lastKnownFileType = sourcecode.swift; path = PAndVCell.swift; sourceTree = "<group>"; };
		5A8BAAAE24C336440033B46A /* PAndVCell.xib */ = {isa = PBXFileReference; fileEncoding = 4; lastKnownFileType = file.xib; path = PAndVCell.xib; sourceTree = "<group>"; };
		5A8BAAAF24C336440033B46A /* PaymentsVendorsViewController.swift */ = {isa = PBXFileReference; fileEncoding = 4; lastKnownFileType = sourcecode.swift; path = PaymentsVendorsViewController.swift; sourceTree = "<group>"; };
		5A8BAAB324C33EC50033B46A /* pandv.storyboard */ = {isa = PBXFileReference; fileEncoding = 4; lastKnownFileType = file.storyboard; path = pandv.storyboard; sourceTree = "<group>"; };
		5A8F15A924D4C51100B57A9B /* SelectMonthAndYearViewController.swift */ = {isa = PBXFileReference; lastKnownFileType = sourcecode.swift; path = SelectMonthAndYearViewController.swift; sourceTree = "<group>"; };
		5A8F15AB24D4C54500B57A9B /* monthAndYear.storyboard */ = {isa = PBXFileReference; lastKnownFileType = file.storyboard; path = monthAndYear.storyboard; sourceTree = "<group>"; };
		5A8F15AD24D4D88500B57A9B /* VendorsLookupViewController.swift */ = {isa = PBXFileReference; lastKnownFileType = sourcecode.swift; path = VendorsLookupViewController.swift; sourceTree = "<group>"; };
		5A8F7574255C5ECE00612AE4 /* PaymentVendorViewModel.swift */ = {isa = PBXFileReference; lastKnownFileType = sourcecode.swift; path = PaymentVendorViewModel.swift; sourceTree = "<group>"; };
		5A90E45A24E03471005C42A3 /* ExpensesLookupViewController.swift */ = {isa = PBXFileReference; lastKnownFileType = sourcecode.swift; path = ExpensesLookupViewController.swift; sourceTree = "<group>"; };
		5A90E45C24E05E84005C42A3 /* ExpLookupCell.swift */ = {isa = PBXFileReference; lastKnownFileType = sourcecode.swift; path = ExpLookupCell.swift; sourceTree = "<group>"; };
		5A90E45D24E05E84005C42A3 /* ExpLookupCell.xib */ = {isa = PBXFileReference; lastKnownFileType = file.xib; path = ExpLookupCell.xib; sourceTree = "<group>"; };
		5A92416F255637AC00263B07 /* ExpsHomeViewModel.swift */ = {isa = PBXFileReference; lastKnownFileType = sourcecode.swift; path = ExpsHomeViewModel.swift; sourceTree = "<group>"; };
		5A97C77524C12E050019E2B4 /* MyExp 5.1.app */ = {isa = PBXFileReference; explicitFileType = wrapper.application; includeInIndex = 0; path = "MyExp 5.1.app"; sourceTree = BUILT_PRODUCTS_DIR; };
		5A97C77824C12E050019E2B4 /* AppDelegate.swift */ = {isa = PBXFileReference; lastKnownFileType = sourcecode.swift; path = AppDelegate.swift; sourceTree = "<group>"; };
		5A97C77A24C12E050019E2B4 /* SceneDelegate.swift */ = {isa = PBXFileReference; lastKnownFileType = sourcecode.swift; path = SceneDelegate.swift; sourceTree = "<group>"; };
		5A97C77C24C12E050019E2B4 /* ViewController.swift */ = {isa = PBXFileReference; lastKnownFileType = sourcecode.swift; path = ViewController.swift; sourceTree = "<group>"; };
		5A97C77F24C12E050019E2B4 /* Base */ = {isa = PBXFileReference; lastKnownFileType = file.storyboard; name = Base; path = Base.lproj/Main.storyboard; sourceTree = "<group>"; };
		5A97C78124C12E060019E2B4 /* Assets.xcassets */ = {isa = PBXFileReference; lastKnownFileType = folder.assetcatalog; path = Assets.xcassets; sourceTree = "<group>"; };
		5A97C78424C12E060019E2B4 /* Base */ = {isa = PBXFileReference; lastKnownFileType = file.storyboard; name = Base; path = Base.lproj/LaunchScreen.storyboard; sourceTree = "<group>"; };
		5A97C78624C12E060019E2B4 /* Info.plist */ = {isa = PBXFileReference; lastKnownFileType = text.plist.xml; path = Info.plist; sourceTree = "<group>"; };
		5AF26FC124CB86380042DE15 /* AdminHomeViewController.swift */ = {isa = PBXFileReference; lastKnownFileType = sourcecode.swift; path = AdminHomeViewController.swift; sourceTree = "<group>"; };
		5AF26FC324CB864D0042DE15 /* admins.storyboard */ = {isa = PBXFileReference; lastKnownFileType = file.storyboard; path = admins.storyboard; sourceTree = "<group>"; };
		5AF26FC524CBA8550042DE15 /* AdminPVAddEditViewController.swift */ = {isa = PBXFileReference; lastKnownFileType = sourcecode.swift; path = AdminPVAddEditViewController.swift; sourceTree = "<group>"; };
		5AFBAE1D24F1763100F87276 /* ExpLookupDisplayViewController.swift */ = {isa = PBXFileReference; lastKnownFileType = sourcecode.swift; path = ExpLookupDisplayViewController.swift; sourceTree = "<group>"; };
		95771C156CEDF73246F166A0 /* Pods_MyExpenses5.framework */ = {isa = PBXFileReference; explicitFileType = wrapper.framework; includeInIndex = 0; path = Pods_MyExpenses5.framework; sourceTree = BUILT_PRODUCTS_DIR; };
		9E7E7A5EB671D2EB1790CB4C /* Pods-MyExpenses5.debug.xcconfig */ = {isa = PBXFileReference; includeInIndex = 1; lastKnownFileType = text.xcconfig; name = "Pods-MyExpenses5.debug.xcconfig"; path = "Target Support Files/Pods-MyExpenses5/Pods-MyExpenses5.debug.xcconfig"; sourceTree = "<group>"; };
		D3D82A40FD8B16F17D98AD67 /* Pods-MyExpenses5.release.xcconfig */ = {isa = PBXFileReference; includeInIndex = 1; lastKnownFileType = text.xcconfig; name = "Pods-MyExpenses5.release.xcconfig"; path = "Target Support Files/Pods-MyExpenses5/Pods-MyExpenses5.release.xcconfig"; sourceTree = "<group>"; };
		FE1F566225F06F1C00743825 /* TopHeaderViewController.swift */ = {isa = PBXFileReference; lastKnownFileType = sourcecode.swift; path = TopHeaderViewController.swift; sourceTree = "<group>"; };
		FE1F566625F071D200743825 /* topheader.storyboard */ = {isa = PBXFileReference; lastKnownFileType = file.storyboard; path = topheader.storyboard; sourceTree = "<group>"; };
		FE377C7125BDB5C100033B25 /* ExpenseHomeViewController.swift */ = {isa = PBXFileReference; fileEncoding = 4; lastKnownFileType = sourcecode.swift; path = ExpenseHomeViewController.swift; sourceTree = "<group>"; };
		FEB3255925F43D6C002B20A4 /* VendorReferencesViewController.swift */ = {isa = PBXFileReference; lastKnownFileType = sourcecode.swift; path = VendorReferencesViewController.swift; sourceTree = "<group>"; };
		FEB3255C25F44144002B20A4 /* VendorReferenceCell.swift */ = {isa = PBXFileReference; lastKnownFileType = sourcecode.swift; path = VendorReferenceCell.swift; sourceTree = "<group>"; };
		FECD2D0925F2E5B400410E7C /* TopBarManager.swift */ = {isa = PBXFileReference; lastKnownFileType = sourcecode.swift; path = TopBarManager.swift; sourceTree = "<group>"; };
/* End PBXFileReference section */

/* Begin PBXFrameworksBuildPhase section */
		5A97C77224C12E050019E2B4 /* Frameworks */ = {
			isa = PBXFrameworksBuildPhase;
			buildActionMask = 2147483647;
			files = (
				94DAA3E2EE9B5FAC9135EB8D /* Pods_MyExpenses5.framework in Frameworks */,
			);
			runOnlyForDeploymentPostprocessing = 0;
		};
/* End PBXFrameworksBuildPhase section */

/* Begin PBXGroup section */
		09B7087C37D9605A6AC9F57F /* Frameworks */ = {
			isa = PBXGroup;
			children = (
				95771C156CEDF73246F166A0 /* Pods_MyExpenses5.framework */,
			);
			name = Frameworks;
			sourceTree = "<group>";
		};
		4AC9B4FD6DD80E42202ED767 /* Pods */ = {
			isa = PBXGroup;
			children = (
				9E7E7A5EB671D2EB1790CB4C /* Pods-MyExpenses5.debug.xcconfig */,
				D3D82A40FD8B16F17D98AD67 /* Pods-MyExpenses5.release.xcconfig */,
			);
			path = Pods;
			sourceTree = "<group>";
		};
		5A344D1825585BBF000B993E /* constants */ = {
			isa = PBXGroup;
			children = (
				5A344D1925585BE2000B993E /* Constants.swift */,
			);
			path = constants;
			sourceTree = "<group>";
		};
		5A87AB7F24C133FA009792A1 /* codables */ = {
			isa = PBXGroup;
			children = (
				5A87AB8124C1340E009792A1 /* jsonsData.swift */,
				5A072FD424DEFA14009DA0A4 /* LookupModel.swift */,
			);
			path = codables;
			sourceTree = "<group>";
		};
		5A87AB8624C13479009792A1 /* images */ = {
			isa = PBXGroup;
			children = (
				5A87AB8824C1349F009792A1 /* myExp_back.png */,
				5A87AB8724C1349F009792A1 /* myExp_cal.png */,
				5A87AB8924C1349F009792A1 /* myExp_more.png */,
				5A87AB8A24C134A0009792A1 /* myExp_plus.png */,
			);
			path = images;
			sourceTree = "<group>";
		};
		5A8942D52554E1AE0085AFF3 /* view models */ = {
			isa = PBXGroup;
			children = (
				5A92416F255637AC00263B07 /* ExpsHomeViewModel.swift */,
				5A8F7574255C5ECE00612AE4 /* PaymentVendorViewModel.swift */,
				5A3A578E256951710033EDAB /* AdminHomeViewModel.swift */,
			);
			path = "view models";
			sourceTree = "<group>";
		};
		5A97C76C24C12E050019E2B4 = {
			isa = PBXGroup;
			children = (
				5A97C77724C12E050019E2B4 /* MyExpenses5 */,
				5A97C77624C12E050019E2B4 /* Products */,
				4AC9B4FD6DD80E42202ED767 /* Pods */,
				09B7087C37D9605A6AC9F57F /* Frameworks */,
			);
			sourceTree = "<group>";
		};
		5A97C77624C12E050019E2B4 /* Products */ = {
			isa = PBXGroup;
			children = (
				5A97C77524C12E050019E2B4 /* MyExp 5.1.app */,
			);
			name = Products;
			sourceTree = "<group>";
		};
		5A97C77724C12E050019E2B4 /* MyExpenses5 */ = {
			isa = PBXGroup;
			children = (
				5A97C77824C12E050019E2B4 /* AppDelegate.swift */,
				5A97C77A24C12E050019E2B4 /* SceneDelegate.swift */,
				5A97C77C24C12E050019E2B4 /* ViewController.swift */,
				5A97C77E24C12E050019E2B4 /* Main.storyboard */,
				5A87AB7F24C133FA009792A1 /* codables */,
				5A87AB8624C13479009792A1 /* images */,
				5A344D1825585BBF000B993E /* constants */,
				5A97C78F24C12E5C0019E2B4 /* managers */,
				5A8942D52554E1AE0085AFF3 /* view models */,
				5A97C78D24C12E4C0019E2B4 /* controllers */,
				5A97C78C24C12E430019E2B4 /* storyboards */,
				5A97C78124C12E060019E2B4 /* Assets.xcassets */,
				5A97C78324C12E060019E2B4 /* LaunchScreen.storyboard */,
				5A97C78624C12E060019E2B4 /* Info.plist */,
			);
			path = MyExpenses5;
			sourceTree = "<group>";
		};
		5A97C78C24C12E430019E2B4 /* storyboards */ = {
			isa = PBXGroup;
			children = (
				FE1F566125F06EEA00743825 /* shared */,
				5A87AB8424C13467009792A1 /* expense.storyboard */,
				5A8BAAB324C33EC50033B46A /* pandv.storyboard */,
				5AF26FC324CB864D0042DE15 /* admins.storyboard */,
				5A8F15AB24D4C54500B57A9B /* monthAndYear.storyboard */,
			);
			path = storyboards;
			sourceTree = "<group>";
		};
		5A97C78D24C12E4C0019E2B4 /* controllers */ = {
			isa = PBXGroup;
			children = (
				FE377C7425BDB5F200033B25 /* old */,
				FE1F566025F06EDF00743825 /* shared */,
				5AF26FC024CB85680042DE15 /* admins */,
				5A87DCF82558227800F6D2C2 /* MyExpHomeViewController.swift */,
				5A87AB9024C134C7009792A1 /* ExpenseCell.swift */,
				5A87AB8F24C134C7009792A1 /* ExpenseCell.xib */,
				5A1CDDB524C235D400E83452 /* ChangeDateViewController.swift */,
				5A1CDDB724C26C9400E83452 /* EditExpensesViewController.swift */,
				5A8BAAAF24C336440033B46A /* PaymentsVendorsViewController.swift */,
				5A8BAAAD24C336430033B46A /* PAndVCell.swift */,
				5A8BAAAE24C336440033B46A /* PAndVCell.xib */,
				5A8F15A924D4C51100B57A9B /* SelectMonthAndYearViewController.swift */,
				5A8F15AD24D4D88500B57A9B /* VendorsLookupViewController.swift */,
				5A90E45A24E03471005C42A3 /* ExpensesLookupViewController.swift */,
				5A90E45C24E05E84005C42A3 /* ExpLookupCell.swift */,
				5A90E45D24E05E84005C42A3 /* ExpLookupCell.xib */,
				5AFBAE1D24F1763100F87276 /* ExpLookupDisplayViewController.swift */,
				FEB3255925F43D6C002B20A4 /* VendorReferencesViewController.swift */,
				FEB3255C25F44144002B20A4 /* VendorReferenceCell.swift */,
			);
			path = controllers;
			sourceTree = "<group>";
		};
		5A97C78F24C12E5C0019E2B4 /* managers */ = {
			isa = PBXGroup;
			children = (
				5A87AB7C24C133D4009792A1 /* ConnectionsManager.swift */,
				5A87AB7B24C133D4009792A1 /* DatasManager.swift */,
				5A8B1F3024C137D80094E543 /* MyExpDataManager.swift */,
				FECD2D0925F2E5B400410E7C /* TopBarManager.swift */,
			);
			path = managers;
			sourceTree = "<group>";
		};
		5AF26FC024CB85680042DE15 /* admins */ = {
			isa = PBXGroup;
			children = (
				5AF26FC124CB86380042DE15 /* AdminHomeViewController.swift */,
				5AF26FC524CBA8550042DE15 /* AdminPVAddEditViewController.swift */,
			);
			path = admins;
			sourceTree = "<group>";
		};
		FE1F566025F06EDF00743825 /* shared */ = {
			isa = PBXGroup;
			children = (
				FE1F566225F06F1C00743825 /* TopHeaderViewController.swift */,
			);
			path = shared;
			sourceTree = "<group>";
		};
		FE1F566125F06EEA00743825 /* shared */ = {
			isa = PBXGroup;
			children = (
				FE1F566625F071D200743825 /* topheader.storyboard */,
			);
			path = shared;
			sourceTree = "<group>";
		};
		FE377C7425BDB5F200033B25 /* old */ = {
			isa = PBXGroup;
			children = (
				FE377C7125BDB5C100033B25 /* ExpenseHomeViewController.swift */,
			);
			path = old;
			sourceTree = "<group>";
		};
/* End PBXGroup section */

/* Begin PBXNativeTarget section */
		5A97C77424C12E050019E2B4 /* MyExpenses5 */ = {
			isa = PBXNativeTarget;
			buildConfigurationList = 5A97C78924C12E060019E2B4 /* Build configuration list for PBXNativeTarget "MyExpenses5" */;
			buildPhases = (
				C6D1C4948B9AE6FDD1FA3139 /* [CP] Check Pods Manifest.lock */,
				5A97C77124C12E050019E2B4 /* Sources */,
				5A97C77224C12E050019E2B4 /* Frameworks */,
				5A97C77324C12E050019E2B4 /* Resources */,
				F13E41C2C626370792969BDE /* [CP] Embed Pods Frameworks */,
			);
			buildRules = (
			);
			dependencies = (
			);
			name = MyExpenses5;
			productName = MyExpenses5;
			productReference = 5A97C77524C12E050019E2B4 /* MyExp 5.1.app */;
			productType = "com.apple.product-type.application";
		};
/* End PBXNativeTarget section */

/* Begin PBXProject section */
		5A97C76D24C12E050019E2B4 /* Project object */ = {
			isa = PBXProject;
			attributes = {
				LastSwiftUpdateCheck = 1130;
				LastUpgradeCheck = 1130;
				ORGANIZATIONNAME = "Home Office";
				TargetAttributes = {
					5A97C77424C12E050019E2B4 = {
						CreatedOnToolsVersion = 11.3.1;
					};
				};
			};
			buildConfigurationList = 5A97C77024C12E050019E2B4 /* Build configuration list for PBXProject "MyExpenses5" */;
			compatibilityVersion = "Xcode 9.3";
			developmentRegion = en;
			hasScannedForEncodings = 0;
			knownRegions = (
				en,
				Base,
			);
			mainGroup = 5A97C76C24C12E050019E2B4;
			productRefGroup = 5A97C77624C12E050019E2B4 /* Products */;
			projectDirPath = "";
			projectRoot = "";
			targets = (
				5A97C77424C12E050019E2B4 /* MyExpenses5 */,
			);
		};
/* End PBXProject section */

/* Begin PBXResourcesBuildPhase section */
		5A97C77324C12E050019E2B4 /* Resources */ = {
			isa = PBXResourcesBuildPhase;
			buildActionMask = 2147483647;
			files = (
				5A97C78524C12E060019E2B4 /* LaunchScreen.storyboard in Resources */,
				5A97C78224C12E060019E2B4 /* Assets.xcassets in Resources */,
				5A87AB8C24C134A0009792A1 /* myExp_back.png in Resources */,
				5A87AB8524C13467009792A1 /* expense.storyboard in Resources */,
				5AF26FC424CB864D0042DE15 /* admins.storyboard in Resources */,
				5A87AB8B24C134A0009792A1 /* myExp_cal.png in Resources */,
				5A87AB8D24C134A0009792A1 /* myExp_more.png in Resources */,
				5A90E45F24E05E84005C42A3 /* ExpLookupCell.xib in Resources */,
				5A97C78024C12E050019E2B4 /* Main.storyboard in Resources */,
				5A8BAAB424C33EC50033B46A /* pandv.storyboard in Resources */,
				5A87AB9124C134C7009792A1 /* ExpenseCell.xib in Resources */,
				5A8F15AC24D4C54500B57A9B /* monthAndYear.storyboard in Resources */,
				5A8BAAB124C336440033B46A /* PAndVCell.xib in Resources */,
				FE1F566725F071D200743825 /* topheader.storyboard in Resources */,
				5A87AB8E24C134A0009792A1 /* myExp_plus.png in Resources */,
			);
			runOnlyForDeploymentPostprocessing = 0;
		};
/* End PBXResourcesBuildPhase section */

/* Begin PBXShellScriptBuildPhase section */
		C6D1C4948B9AE6FDD1FA3139 /* [CP] Check Pods Manifest.lock */ = {
			isa = PBXShellScriptBuildPhase;
			buildActionMask = 2147483647;
			files = (
			);
			inputFileListPaths = (
			);
			inputPaths = (
				"${PODS_PODFILE_DIR_PATH}/Podfile.lock",
				"${PODS_ROOT}/Manifest.lock",
			);
			name = "[CP] Check Pods Manifest.lock";
			outputFileListPaths = (
			);
			outputPaths = (
				"$(DERIVED_FILE_DIR)/Pods-MyExpenses5-checkManifestLockResult.txt",
			);
			runOnlyForDeploymentPostprocessing = 0;
			shellPath = /bin/sh;
			shellScript = "diff \"${PODS_PODFILE_DIR_PATH}/Podfile.lock\" \"${PODS_ROOT}/Manifest.lock\" > /dev/null\nif [ $? != 0 ] ; then\n    # print error to STDERR\n    echo \"error: The sandbox is not in sync with the Podfile.lock. Run 'pod install' or update your CocoaPods installation.\" >&2\n    exit 1\nfi\n# This output is used by Xcode 'outputs' to avoid re-running this script phase.\necho \"SUCCESS\" > \"${SCRIPT_OUTPUT_FILE_0}\"\n";
			showEnvVarsInLog = 0;
		};
		F13E41C2C626370792969BDE /* [CP] Embed Pods Frameworks */ = {
			isa = PBXShellScriptBuildPhase;
			buildActionMask = 2147483647;
			files = (
			);
			inputFileListPaths = (
				"${PODS_ROOT}/Target Support Files/Pods-MyExpenses5/Pods-MyExpenses5-frameworks-${CONFIGURATION}-input-files.xcfilelist",
			);
			name = "[CP] Embed Pods Frameworks";
			outputFileListPaths = (
				"${PODS_ROOT}/Target Support Files/Pods-MyExpenses5/Pods-MyExpenses5-frameworks-${CONFIGURATION}-output-files.xcfilelist",
			);
			runOnlyForDeploymentPostprocessing = 0;
			shellPath = /bin/sh;
			shellScript = "\"${PODS_ROOT}/Target Support Files/Pods-MyExpenses5/Pods-MyExpenses5-frameworks.sh\"\n";
			showEnvVarsInLog = 0;
		};
/* End PBXShellScriptBuildPhase section */

/* Begin PBXSourcesBuildPhase section */
		5A97C77124C12E050019E2B4 /* Sources */ = {
			isa = PBXSourcesBuildPhase;
			buildActionMask = 2147483647;
			files = (
				5A344D1A25585BE2000B993E /* Constants.swift in Sources */,
				5A8B1F3124C137D80094E543 /* MyExpDataManager.swift in Sources */,
				5A8BAAB224C336440033B46A /* PaymentsVendorsViewController.swift in Sources */,
				5AFBAE1E24F1763100F87276 /* ExpLookupDisplayViewController.swift in Sources */,
				5A87AB7E24C133D4009792A1 /* ConnectionsManager.swift in Sources */,
				5A97C77D24C12E050019E2B4 /* ViewController.swift in Sources */,
				5A1CDDB624C235D400E83452 /* ChangeDateViewController.swift in Sources */,
				5A90E45E24E05E84005C42A3 /* ExpLookupCell.swift in Sources */,
				5A87AB8324C1340E009792A1 /* jsonsData.swift in Sources */,
				FEB3255D25F44144002B20A4 /* VendorReferenceCell.swift in Sources */,
				FECD2D0A25F2E5B400410E7C /* TopBarManager.swift in Sources */,
				5A1CDDB824C26C9400E83452 /* EditExpensesViewController.swift in Sources */,
				5A90E45B24E03471005C42A3 /* ExpensesLookupViewController.swift in Sources */,
				5A87AB7D24C133D4009792A1 /* DatasManager.swift in Sources */,
				5A8BAAB024C336440033B46A /* PAndVCell.swift in Sources */,
				FEB3255A25F43D6C002B20A4 /* VendorReferencesViewController.swift in Sources */,
				5A924170255637AC00263B07 /* ExpsHomeViewModel.swift in Sources */,
				FE1F566325F06F1C00743825 /* TopHeaderViewController.swift in Sources */,
				5A8F15AA24D4C51100B57A9B /* SelectMonthAndYearViewController.swift in Sources */,
				5A8F7575255C5ECE00612AE4 /* PaymentVendorViewModel.swift in Sources */,
				5A87DCF92558227800F6D2C2 /* MyExpHomeViewController.swift in Sources */,
				5A87AB9224C134C7009792A1 /* ExpenseCell.swift in Sources */,
				FE377C7225BDB5C100033B25 /* ExpenseHomeViewController.swift in Sources */,
				5A8F15AE24D4D88500B57A9B /* VendorsLookupViewController.swift in Sources */,
				5AF26FC224CB86380042DE15 /* AdminHomeViewController.swift in Sources */,
				5A3A578F256951710033EDAB /* AdminHomeViewModel.swift in Sources */,
				5A97C77924C12E050019E2B4 /* AppDelegate.swift in Sources */,
				5A072FD524DEFA14009DA0A4 /* LookupModel.swift in Sources */,
				5A97C77B24C12E050019E2B4 /* SceneDelegate.swift in Sources */,
				5AF26FC624CBA8550042DE15 /* AdminPVAddEditViewController.swift in Sources */,
			);
			runOnlyForDeploymentPostprocessing = 0;
		};
/* End PBXSourcesBuildPhase section */

/* Begin PBXVariantGroup section */
		5A97C77E24C12E050019E2B4 /* Main.storyboard */ = {
			isa = PBXVariantGroup;
			children = (
				5A97C77F24C12E050019E2B4 /* Base */,
			);
			name = Main.storyboard;
			sourceTree = "<group>";
		};
		5A97C78324C12E060019E2B4 /* LaunchScreen.storyboard */ = {
			isa = PBXVariantGroup;
			children = (
				5A97C78424C12E060019E2B4 /* Base */,
			);
			name = LaunchScreen.storyboard;
			sourceTree = "<group>";
		};
/* End PBXVariantGroup section */

/* Begin XCBuildConfiguration section */
		5A97C78724C12E060019E2B4 /* Debug */ = {
			isa = XCBuildConfiguration;
			buildSettings = {
				ALWAYS_SEARCH_USER_PATHS = NO;
				CLANG_ANALYZER_NONNULL = YES;
				CLANG_ANALYZER_NUMBER_OBJECT_CONVERSION = YES_AGGRESSIVE;
				CLANG_CXX_LANGUAGE_STANDARD = "gnu++14";
				CLANG_CXX_LIBRARY = "libc++";
				CLANG_ENABLE_MODULES = YES;
				CLANG_ENABLE_OBJC_ARC = YES;
				CLANG_ENABLE_OBJC_WEAK = YES;
				CLANG_WARN_BLOCK_CAPTURE_AUTORELEASING = YES;
				CLANG_WARN_BOOL_CONVERSION = YES;
				CLANG_WARN_COMMA = YES;
				CLANG_WARN_CONSTANT_CONVERSION = YES;
				CLANG_WARN_DEPRECATED_OBJC_IMPLEMENTATIONS = YES;
				CLANG_WARN_DIRECT_OBJC_ISA_USAGE = YES_ERROR;
				CLANG_WARN_DOCUMENTATION_COMMENTS = YES;
				CLANG_WARN_EMPTY_BODY = YES;
				CLANG_WARN_ENUM_CONVERSION = YES;
				CLANG_WARN_INFINITE_RECURSION = YES;
				CLANG_WARN_INT_CONVERSION = YES;
				CLANG_WARN_NON_LITERAL_NULL_CONVERSION = YES;
				CLANG_WARN_OBJC_IMPLICIT_RETAIN_SELF = YES;
				CLANG_WARN_OBJC_LITERAL_CONVERSION = YES;
				CLANG_WARN_OBJC_ROOT_CLASS = YES_ERROR;
				CLANG_WARN_RANGE_LOOP_ANALYSIS = YES;
				CLANG_WARN_STRICT_PROTOTYPES = YES;
				CLANG_WARN_SUSPICIOUS_MOVE = YES;
				CLANG_WARN_UNGUARDED_AVAILABILITY = YES_AGGRESSIVE;
				CLANG_WARN_UNREACHABLE_CODE = YES;
				CLANG_WARN__DUPLICATE_METHOD_MATCH = YES;
				COPY_PHASE_STRIP = NO;
				DEBUG_INFORMATION_FORMAT = dwarf;
				ENABLE_STRICT_OBJC_MSGSEND = YES;
				ENABLE_TESTABILITY = YES;
				GCC_C_LANGUAGE_STANDARD = gnu11;
				GCC_DYNAMIC_NO_PIC = NO;
				GCC_NO_COMMON_BLOCKS = YES;
				GCC_OPTIMIZATION_LEVEL = 0;
				GCC_PREPROCESSOR_DEFINITIONS = (
					"DEBUG=1",
					"$(inherited)",
				);
				GCC_WARN_64_TO_32_BIT_CONVERSION = YES;
				GCC_WARN_ABOUT_RETURN_TYPE = YES_ERROR;
				GCC_WARN_UNDECLARED_SELECTOR = YES;
				GCC_WARN_UNINITIALIZED_AUTOS = YES_AGGRESSIVE;
				GCC_WARN_UNUSED_FUNCTION = YES;
				GCC_WARN_UNUSED_VARIABLE = YES;
				IPHONEOS_DEPLOYMENT_TARGET = 13.2;
				MTL_ENABLE_DEBUG_INFO = INCLUDE_SOURCE;
				MTL_FAST_MATH = YES;
				ONLY_ACTIVE_ARCH = YES;
				SDKROOT = iphoneos;
				SWIFT_ACTIVE_COMPILATION_CONDITIONS = DEBUG;
				SWIFT_OPTIMIZATION_LEVEL = "-Onone";
			};
			name = Debug;
		};
		5A97C78824C12E060019E2B4 /* Release */ = {
			isa = XCBuildConfiguration;
			buildSettings = {
				ALWAYS_SEARCH_USER_PATHS = NO;
				CLANG_ANALYZER_NONNULL = YES;
				CLANG_ANALYZER_NUMBER_OBJECT_CONVERSION = YES_AGGRESSIVE;
				CLANG_CXX_LANGUAGE_STANDARD = "gnu++14";
				CLANG_CXX_LIBRARY = "libc++";
				CLANG_ENABLE_MODULES = YES;
				CLANG_ENABLE_OBJC_ARC = YES;
				CLANG_ENABLE_OBJC_WEAK = YES;
				CLANG_WARN_BLOCK_CAPTURE_AUTORELEASING = YES;
				CLANG_WARN_BOOL_CONVERSION = YES;
				CLANG_WARN_COMMA = YES;
				CLANG_WARN_CONSTANT_CONVERSION = YES;
				CLANG_WARN_DEPRECATED_OBJC_IMPLEMENTATIONS = YES;
				CLANG_WARN_DIRECT_OBJC_ISA_USAGE = YES_ERROR;
				CLANG_WARN_DOCUMENTATION_COMMENTS = YES;
				CLANG_WARN_EMPTY_BODY = YES;
				CLANG_WARN_ENUM_CONVERSION = YES;
				CLANG_WARN_INFINITE_RECURSION = YES;
				CLANG_WARN_INT_CONVERSION = YES;
				CLANG_WARN_NON_LITERAL_NULL_CONVERSION = YES;
				CLANG_WARN_OBJC_IMPLICIT_RETAIN_SELF = YES;
				CLANG_WARN_OBJC_LITERAL_CONVERSION = YES;
				CLANG_WARN_OBJC_ROOT_CLASS = YES_ERROR;
				CLANG_WARN_RANGE_LOOP_ANALYSIS = YES;
				CLANG_WARN_STRICT_PROTOTYPES = YES;
				CLANG_WARN_SUSPICIOUS_MOVE = YES;
				CLANG_WARN_UNGUARDED_AVAILABILITY = YES_AGGRESSIVE;
				CLANG_WARN_UNREACHABLE_CODE = YES;
				CLANG_WARN__DUPLICATE_METHOD_MATCH = YES;
				COPY_PHASE_STRIP = NO;
				DEBUG_INFORMATION_FORMAT = "dwarf-with-dsym";
				ENABLE_NS_ASSERTIONS = NO;
				ENABLE_STRICT_OBJC_MSGSEND = YES;
				GCC_C_LANGUAGE_STANDARD = gnu11;
				GCC_NO_COMMON_BLOCKS = YES;
				GCC_WARN_64_TO_32_BIT_CONVERSION = YES;
				GCC_WARN_ABOUT_RETURN_TYPE = YES_ERROR;
				GCC_WARN_UNDECLARED_SELECTOR = YES;
				GCC_WARN_UNINITIALIZED_AUTOS = YES_AGGRESSIVE;
				GCC_WARN_UNUSED_FUNCTION = YES;
				GCC_WARN_UNUSED_VARIABLE = YES;
				IPHONEOS_DEPLOYMENT_TARGET = 13.2;
				MTL_ENABLE_DEBUG_INFO = NO;
				MTL_FAST_MATH = YES;
				SDKROOT = iphoneos;
				SWIFT_COMPILATION_MODE = wholemodule;
				SWIFT_OPTIMIZATION_LEVEL = "-O";
				VALIDATE_PRODUCT = YES;
			};
			name = Release;
		};
		5A97C78A24C12E060019E2B4 /* Debug */ = {
			isa = XCBuildConfiguration;
			baseConfigurationReference = 9E7E7A5EB671D2EB1790CB4C /* Pods-MyExpenses5.debug.xcconfig */;
			buildSettings = {
				ASSETCATALOG_COMPILER_APPICON_NAME = AppIcon;
				CODE_SIGN_STYLE = Automatic;
				CURRENT_PROJECT_VERSION = 17;
				DEVELOPMENT_TEAM = WSH8T4CK9T;
				INFOPLIST_FILE = MyExpenses5/Info.plist;
				IPHONEOS_DEPLOYMENT_TARGET = 13.0;
				LD_RUNPATH_SEARCH_PATHS = (
					"$(inherited)",
					"@executable_path/Frameworks",
				);
				MARKETING_VERSION = 1.0.3;
				PRODUCT_BUNDLE_IDENTIFIER = "home-office.MyExpenses5.1";
				PRODUCT_NAME = "MyExp 5.1";
				SWIFT_VERSION = 5.0;
				TARGETED_DEVICE_FAMILY = 1;
			};
			name = Debug;
		};
		5A97C78B24C12E060019E2B4 /* Release */ = {
			isa = XCBuildConfiguration;
			baseConfigurationReference = D3D82A40FD8B16F17D98AD67 /* Pods-MyExpenses5.release.xcconfig */;
			buildSettings = {
				ASSETCATALOG_COMPILER_APPICON_NAME = AppIcon;
				CODE_SIGN_STYLE = Automatic;
				CURRENT_PROJECT_VERSION = 17;
				DEVELOPMENT_TEAM = WSH8T4CK9T;
				INFOPLIST_FILE = MyExpenses5/Info.plist;
				IPHONEOS_DEPLOYMENT_TARGET = 13.0;
				LD_RUNPATH_SEARCH_PATHS = (
					"$(inherited)",
					"@executable_path/Frameworks",
				);
				MARKETING_VERSION = 1.0.3;
				PRODUCT_BUNDLE_IDENTIFIER = "home-office.MyExpenses5.1";
				PRODUCT_NAME = "MyExp 5.1";
				SWIFT_VERSION = 5.0;
				TARGETED_DEVICE_FAMILY = 1;
			};
			name = Release;
		};
/* End XCBuildConfiguration section */

/* Begin XCConfigurationList section */
		5A97C77024C12E050019E2B4 /* Build configuration list for PBXProject "MyExpenses5" */ = {
			isa = XCConfigurationList;
			buildConfigurations = (
				5A97C78724C12E060019E2B4 /* Debug */,
				5A97C78824C12E060019E2B4 /* Release */,
			);
			defaultConfigurationIsVisible = 0;
			defaultConfigurationName = Release;
		};
		5A97C78924C12E060019E2B4 /* Build configuration list for PBXNativeTarget "MyExpenses5" */ = {
			isa = XCConfigurationList;
			buildConfigurations = (
				5A97C78A24C12E060019E2B4 /* Debug */,
				5A97C78B24C12E060019E2B4 /* Release */,
			);
			defaultConfigurationIsVisible = 0;
			defaultConfigurationName = Release;
		};
/* End XCConfigurationList section */
	};
	rootObject = 5A97C76D24C12E050019E2B4 /* Project object */;
}
